
Microsoft Visual Studio Solution File, Format Version 12.00
# Visual Studio 15
VisualStudioVersion = 15.0.28307.572
MinimumVisualStudioVersion = 10.0.40219.1
Project("{FAE04EC0-301F-11D3-BF4B-00C04F79EFBC}") = "Ace_project", "Ace_project\Ace_project.csproj", "{E5ABF144-5892-4AEC-A455-8413BE3F7CCF}"
EndProject
Global
	GlobalSection(SolutionConfigurationPlatforms) = preSolution
		Debug|Any CPU = Debug|Any CPU
		Release|Any CPU = Release|Any CPU
	EndGlobalSection
	GlobalSection(ProjectConfigurationPlatforms) = postSolution
		{E5ABF144-5892-4AEC-A455-8413BE3F7CCF}.Debug|Any CPU.ActiveCfg = Debug|Any CPU
		{E5ABF144-5892-4AEC-A455-8413BE3F7CCF}.Debug|Any CPU.Build.0 = Debug|Any CPU
		{E5ABF144-5892-4AEC-A455-8413BE3F7CCF}.Release|Any CPU.ActiveCfg = Release|Any CPU
		{E5ABF144-5892-4AEC-A455-8413BE3F7CCF}.Release|Any CPU.Build.0 = Release|Any CPU
	EndGlobalSection
	GlobalSection(SolutionProperties) = preSolution
		HideSolutionNode = FALSE
	EndGlobalSection
	GlobalSection(ExtensibilityGlobals) = postSolution
		SolutionGuid = {3648C82A-3D51-4978-9835-E311B9C58F6D}
	EndGlobalSection
EndGlobal
