
Microsoft Visual Studio Solution File, Format Version 12.00
# Visual Studio 15
VisualStudioVersion = 15.0.28307.572
MinimumVisualStudioVersion = 10.0.40219.1
Project("{00D1A9C2-B5F0-4AF3-8072-F6C62B433612}") = "Ace_database", "Ace_database\Ace_database.sqlproj", "{C2026D23-FF99-42A3-91A0-33993EA6365D}"
EndProject
Global
	GlobalSection(SolutionConfigurationPlatforms) = preSolution
		Debug|Any CPU = Debug|Any CPU
		Release|Any CPU = Release|Any CPU
	EndGlobalSection
	GlobalSection(ProjectConfigurationPlatforms) = postSolution
		{C2026D23-FF99-42A3-91A0-33993EA6365D}.Debug|Any CPU.ActiveCfg = Debug|Any CPU
		{C2026D23-FF99-42A3-91A0-33993EA6365D}.Debug|Any CPU.Build.0 = Debug|Any CPU
		{C2026D23-FF99-42A3-91A0-33993EA6365D}.Debug|Any CPU.Deploy.0 = Debug|Any CPU
		{C2026D23-FF99-42A3-91A0-33993EA6365D}.Release|Any CPU.ActiveCfg = Release|Any CPU
		{C2026D23-FF99-42A3-91A0-33993EA6365D}.Release|Any CPU.Build.0 = Release|Any CPU
		{C2026D23-FF99-42A3-91A0-33993EA6365D}.Release|Any CPU.Deploy.0 = Release|Any CPU
	EndGlobalSection
	GlobalSection(SolutionProperties) = preSolution
		HideSolutionNode = FALSE
	EndGlobalSection
	GlobalSection(ExtensibilityGlobals) = postSolution
		SolutionGuid = {F899B55E-B2A4-434E-A4FB-9EB1F8F4803F}
	EndGlobalSection
EndGlobal
